Microsoft Visual Studio Solution File, Format Version 12.00
# Visual Studio Version 17
VisualStudioVersion = 17.5.2.0
MinimumVisualStudioVersion = 10.0.40219.1
Project("{2150E333-8FDC-42A3-9474-1A3956D46DE8}") = "Project", "Project", "{EB1B1211-640D-0C76-A929-990D115248FD}"
EndProject
Project("{FAE04EC0-301F-11D3-BF4B-00C04F79EFBC}") = "Secret Detection", "Project\Secret Detection.csproj", "{E549F8EA-490D-FDBF-6793-9A1438646F77}"
EndProject
Global
	GlobalSection(SolutionConfigurationPlatforms) = preSolution
		Debug|Any CPU = Debug|Any CPU
		Release|Any CPU = Release|Any CPU
	EndGlobalSection
	GlobalSection(ProjectConfigurationPlatforms) = postSolution
		{E549F8EA-490D-FDBF-6793-9A1438646F77}.Debug|Any CPU.ActiveCfg = Debug|Any CPU
		{E549F8EA-490D-FDBF-6793-9A1438646F77}.Debug|Any CPU.Build.0 = Debug|Any CPU
		{E549F8EA-490D-FDBF-6793-9A1438646F77}.Release|Any CPU.ActiveCfg = Release|Any CPU
		{E549F8EA-490D-FDBF-6793-9A1438646F77}.Release|Any CPU.Build.0 = Release|Any CPU
	EndGlobalSection
	GlobalSection(SolutionProperties) = preSolution
		HideSolutionNode = FALSE
	EndGlobalSection
	GlobalSection(NestedProjects) = preSolution
		{E549F8EA-490D-FDBF-6793-9A1438646F77} = {EB1B1211-640D-0C76-A929-990D115248FD}
	EndGlobalSection
	GlobalSection(ExtensibilityGlobals) = postSolution
		SolutionGuid = {DF5D0415-2B85-4359-9DDB-879FDD7B8497}
	EndGlobalSection
EndGlobal
